{
  "nodes": {
    "dox": {
      "flake": false,
      "locked": {
        "lastModified": 1705391174,
        "narHash": "sha256-rwAXbGYs2TEEOMGv/lRHxSqTjfcsHkM36PFdpMOe4sQ=",
        "owner": "HaxeFoundation",
        "repo": "dox",
        "rev": "161c4c2c745fec05212a6f0cd681ce5fecd33c95",
        "type": "github"
      },
      "original": {
        "owner": "HaxeFoundation",
        "repo": "dox",
        "type": "github"
      }
    },
    "hashlink": {
      "flake": false,
      "locked": {
        "lastModified": 1705489773,
        "narHash": "sha256-A2QfXA2DHrszH/39Q3p/R5CM42K3L6hjak5G3h2GPhI=",
        "owner": "HaxeFoundation",
        "repo": "hashlink",
        "rev": "783cd2a785b2e6f38e6b01e1b3bf5bdc19fa1173",
        "type": "github"
      },
      "original": {
        "owner": "HaxeFoundation",
        "ref": "refs/tags/latest",
        "repo": "hashlink",
        "type": "github"
      }
    },
    "haxe": {
      "flake": false,
      "locked": {
        "lastModified": 1705775448,
        "narHash": "sha256-RytavyUs+mb/5rYSWmusTNneS5CcIVi/XXmRXDQh1vg=",
        "ref": "development",
        "rev": "1d7b7f93b9bb9092fe35dafdbf8ed4ee7793a3e8",
        "revCount": 21080,
        "submodules": true,
        "type": "git",
        "url": "https://github.com/HaxeFoundation/haxe.git"
      },
      "original": {
        "ref": "development",
        "submodules": true,
        "type": "git",
        "url": "https://github.com/HaxeFoundation/haxe.git"
      }
    },
    "haxe_format": {
      "flake": false,
      "locked": {
        "lastModified": 1704129100,
        "narHash": "sha256-XwNPQ//uUPQWoSIZa0Cejv0PrWQOePj2cQKl88UL0Bw=",
        "owner": "HaxeFoundation",
        "repo": "format",
        "rev": "a3920c038a7931f8f08745d95acb3b64277c4090",
        "type": "github"
      },
      "original": {
        "owner": "HaxeFoundation",
        "repo": "format",
        "type": "github"
      }
    },
    "heaps": {
      "flake": false,
      "locked": {
        "lastModified": 1705938989,
        "narHash": "sha256-7kWa3Opj0I9NiE04blArTam7lF9MpeCi2F4a9fr31zY=",
        "owner": "HeapsIO",
        "repo": "heaps",
        "rev": "b7b0527eef3839c537faf5f59f13dd625ee807fe",
        "type": "github"
      },
      "original": {
        "owner": "HeapsIO",
        "repo": "heaps",
        "type": "github"
      }
    },
    "nixpkgs": {
      "locked": {
        "lastModified": 1705883077,
        "narHash": "sha256-ByzHHX3KxpU1+V0erFy8jpujTufimh6KaS/Iv3AciHk=",
        "owner": "NixOS",
        "repo": "nixpkgs",
        "rev": "5f5210aa20e343b7e35f40c033000db0ef80d7b9",
        "type": "github"
      },
      "original": {
        "owner": "NixOS",
        "ref": "nixpkgs-unstable",
        "repo": "nixpkgs",
        "type": "github"
      }
    },
    "nixpkgs-darwin": {
      "locked": {
        "lastModified": 1705033721,
        "narHash": "sha256-K5eJHmL1/kev6WuqyqqbS1cdNnSidIZ3jeqJ7GbrYnQ=",
        "owner": "NixOS",
        "repo": "nixpkgs",
        "rev": "a1982c92d8980a0114372973cbdfe0a307f1bdea",
        "type": "github"
      },
      "original": {
        "owner": "NixOS",
        "ref": "nixpkgs-23.05-darwin",
        "repo": "nixpkgs",
        "type": "github"
      }
    },
    "root": {
      "inputs": {
        "dox": "dox",
        "hashlink": "hashlink",
        "haxe": "haxe",
        "haxe_format": "haxe_format",
        "heaps": "heaps",
        "nixpkgs": "nixpkgs",
        "nixpkgs-darwin": "nixpkgs-darwin"
      }
    }
  },
  "root": "root",
  "version": 7
}
